{
  "name": "hr",
  "version": "1.0.0",
  "lockfileVersion": 1,
  "requires": true,
  "dependencies": {
    "optiscroll": {
      "version": "3.2.1",
      "resolved": "https://registry.npmjs.org/optiscroll/-/optiscroll-3.2.1.tgz",
      "integrity": "sha512-hNJ0bNGK/gjhwAPCCRnI7Nih17uj6HvbBqIzHvy+5Bum/y6xMM94WO30sSUTGWMzOVvodqpkgHwBu58XUyf9Tw=="
    },
    "perfect-scrollbar": {
      "version": "1.4.0",
      "resolved": "https://registry.npmjs.org/perfect-scrollbar/-/perfect-scrollbar-1.4.0.tgz",
      "integrity": "sha1-XQFO+XdeH0MFih266e0drw5wkfE="
    },
    "pretty-checkbox": {
      "version": "3.0.3",
      "resolved": "https://registry.npmjs.org/pretty-checkbox/-/pretty-checkbox-3.0.3.tgz",
      "integrity": "sha1-1JyAE6j8CO4MLW695FNGS/28Qo4="
    }
  }
}
